
Microsoft Visual Studio Solution File, Format Version 12.00
Project("{2150E333-8FDC-42A3-9474-1A3956D46DE8}") = "src", "src", "{E009B71A-C45A-4F9C-ABCB-81660DADA3B4}"
EndProject
Project("{FAE04EC0-301F-11D3-BF4B-00C04F79EFBC}") = "Articles", "src\Articles\Articles.csproj", "{9A9E10D8-6265-4BBD-96CA-B599757E7A28}"
EndProject
Project("{FAE04EC0-301F-11D3-BF4B-00C04F79EFBC}") = "Articles.Console", "src\Articles.Console\Articles.Console.csproj", "{3454B392-33E7-47A0-A653-47024D8FED83}"
EndProject
Project("{2150E333-8FDC-42A3-9474-1A3956D46DE8}") = "common", "common", "{4A468D5E-5ED0-4092-9BDA-811E955FCC94}"
	ProjectSection(SolutionItems) = preProject
		README.md = README.md
	EndProjectSection
EndProject
Project("{FAE04EC0-301F-11D3-BF4B-00C04F79EFBC}") = "Expressions", "src\Expressions\Expressions.csproj", "{F99262E5-77A6-4BFC-95FE-26D696EB818A}"
EndProject
Project("{FAE04EC0-301F-11D3-BF4B-00C04F79EFBC}") = "Expressions.Console", "src\Expressions.Console\Expressions.Console.csproj", "{213064D2-4A6D-4E89-8E92-CB646C911BD3}"
EndProject
Project("{FAE04EC0-301F-11D3-BF4B-00C04F79EFBC}") = "Articles.Expressions", "src\Articles.Expressions\Articles.Expressions.csproj", "{635D3489-6B84-44A9-85FA-190B5F15BB4F}"
EndProject
Global
	GlobalSection(SolutionConfigurationPlatforms) = preSolution
		Debug|Any CPU = Debug|Any CPU
		Release|Any CPU = Release|Any CPU
	EndGlobalSection
	GlobalSection(NestedProjects) = preSolution
		{9A9E10D8-6265-4BBD-96CA-B599757E7A28} = {E009B71A-C45A-4F9C-ABCB-81660DADA3B4}
		{3454B392-33E7-47A0-A653-47024D8FED83} = {E009B71A-C45A-4F9C-ABCB-81660DADA3B4}
		{F99262E5-77A6-4BFC-95FE-26D696EB818A} = {E009B71A-C45A-4F9C-ABCB-81660DADA3B4}
		{213064D2-4A6D-4E89-8E92-CB646C911BD3} = {E009B71A-C45A-4F9C-ABCB-81660DADA3B4}
		{635D3489-6B84-44A9-85FA-190B5F15BB4F} = {E009B71A-C45A-4F9C-ABCB-81660DADA3B4}
	EndGlobalSection
	GlobalSection(ProjectConfigurationPlatforms) = postSolution
		{9A9E10D8-6265-4BBD-96CA-B599757E7A28}.Debug|Any CPU.ActiveCfg = Debug|Any CPU
		{9A9E10D8-6265-4BBD-96CA-B599757E7A28}.Debug|Any CPU.Build.0 = Debug|Any CPU
		{9A9E10D8-6265-4BBD-96CA-B599757E7A28}.Release|Any CPU.ActiveCfg = Release|Any CPU
		{9A9E10D8-6265-4BBD-96CA-B599757E7A28}.Release|Any CPU.Build.0 = Release|Any CPU
		{3454B392-33E7-47A0-A653-47024D8FED83}.Debug|Any CPU.ActiveCfg = Debug|Any CPU
		{3454B392-33E7-47A0-A653-47024D8FED83}.Debug|Any CPU.Build.0 = Debug|Any CPU
		{3454B392-33E7-47A0-A653-47024D8FED83}.Release|Any CPU.ActiveCfg = Release|Any CPU
		{3454B392-33E7-47A0-A653-47024D8FED83}.Release|Any CPU.Build.0 = Release|Any CPU
		{F99262E5-77A6-4BFC-95FE-26D696EB818A}.Debug|Any CPU.ActiveCfg = Debug|Any CPU
		{F99262E5-77A6-4BFC-95FE-26D696EB818A}.Debug|Any CPU.Build.0 = Debug|Any CPU
		{F99262E5-77A6-4BFC-95FE-26D696EB818A}.Release|Any CPU.ActiveCfg = Release|Any CPU
		{F99262E5-77A6-4BFC-95FE-26D696EB818A}.Release|Any CPU.Build.0 = Release|Any CPU
		{213064D2-4A6D-4E89-8E92-CB646C911BD3}.Debug|Any CPU.ActiveCfg = Debug|Any CPU
		{213064D2-4A6D-4E89-8E92-CB646C911BD3}.Debug|Any CPU.Build.0 = Debug|Any CPU
		{213064D2-4A6D-4E89-8E92-CB646C911BD3}.Release|Any CPU.ActiveCfg = Release|Any CPU
		{213064D2-4A6D-4E89-8E92-CB646C911BD3}.Release|Any CPU.Build.0 = Release|Any CPU
		{635D3489-6B84-44A9-85FA-190B5F15BB4F}.Debug|Any CPU.ActiveCfg = Debug|Any CPU
		{635D3489-6B84-44A9-85FA-190B5F15BB4F}.Debug|Any CPU.Build.0 = Debug|Any CPU
		{635D3489-6B84-44A9-85FA-190B5F15BB4F}.Release|Any CPU.ActiveCfg = Release|Any CPU
		{635D3489-6B84-44A9-85FA-190B5F15BB4F}.Release|Any CPU.Build.0 = Release|Any CPU
	EndGlobalSection
EndGlobal
